dependencies:
- name: agentapi-proxy
  repository: oci://ghcr.io/takutakahashi/charts
  version: v1.187.0
- name: agentapi-ui
  repository: oci://ghcr.io/takutakahashi/charts
  version: v1.94.0
digest: sha256:2f8a5f95ec236bac93fbec0e3d7707c2b3c624f6aacf75c7b0c27dd0d21ec88d
generated: "2026-01-21T12:06:12.454322104Z"
