dependencies:
- name: agentapi-proxy
  repository: oci://ghcr.io/takutakahashi/charts
  version: v1.191.0
- name: agentapi-ui
  repository: oci://ghcr.io/takutakahashi/charts
  version: v1.97.0
digest: sha256:23738f70ff01293add9bc978eb5d933d4efc3c34dcaea6746b4587f3e4c7a56f
generated: "2026-01-27T09:34:43.253294973Z"
